
Microsoft Visual Studio Solution File, Format Version 12.00
# Visual Studio 2013
VisualStudioVersion = 12.0.21005.1
MinimumVisualStudioVersion = 10.0.40219.1
Project("{FAE04EC0-301F-11D3-BF4B-00C04F79EFBC}") = "RestaurangGuide.Web", "RestaurangGuide\RestaurangGuide.Web.csproj", "{C76937C0-BDFD-4521-83BA-4055C19A72B3}"
EndProject
Project("{FAE04EC0-301F-11D3-BF4B-00C04F79EFBC}") = "RestaurangGuide.Domain", "RestaurangGuide.Domain\RestaurangGuide.Domain.csproj", "{4FA89E7D-EFFB-49BE-935E-6C9035CC370A}"
EndProject
Project("{FAE04EC0-301F-11D3-BF4B-00C04F79EFBC}") = "RestaurangGuide.DB", "RestaurangGuide.DB\RestaurangGuide.DB.csproj", "{536FFA57-D71F-44C0-82A5-EEA7FB94DCC9}"
EndProject
Global
	GlobalSection(SolutionConfigurationPlatforms) = preSolution
		Debug|Any CPU = Debug|Any CPU
		Release|Any CPU = Release|Any CPU
	EndGlobalSection
	GlobalSection(ProjectConfigurationPlatforms) = postSolution
		{C76937C0-BDFD-4521-83BA-4055C19A72B3}.Debug|Any CPU.ActiveCfg = Debug|Any CPU
		{C76937C0-BDFD-4521-83BA-4055C19A72B3}.Debug|Any CPU.Build.0 = Debug|Any CPU
		{C76937C0-BDFD-4521-83BA-4055C19A72B3}.Release|Any CPU.ActiveCfg = Release|Any CPU
		{C76937C0-BDFD-4521-83BA-4055C19A72B3}.Release|Any CPU.Build.0 = Release|Any CPU
		{4FA89E7D-EFFB-49BE-935E-6C9035CC370A}.Debug|Any CPU.ActiveCfg = Debug|Any CPU
		{4FA89E7D-EFFB-49BE-935E-6C9035CC370A}.Debug|Any CPU.Build.0 = Debug|Any CPU
		{4FA89E7D-EFFB-49BE-935E-6C9035CC370A}.Release|Any CPU.ActiveCfg = Release|Any CPU
		{4FA89E7D-EFFB-49BE-935E-6C9035CC370A}.Release|Any CPU.Build.0 = Release|Any CPU
		{536FFA57-D71F-44C0-82A5-EEA7FB94DCC9}.Debug|Any CPU.ActiveCfg = Debug|Any CPU
		{536FFA57-D71F-44C0-82A5-EEA7FB94DCC9}.Debug|Any CPU.Build.0 = Debug|Any CPU
		{536FFA57-D71F-44C0-82A5-EEA7FB94DCC9}.Release|Any CPU.ActiveCfg = Release|Any CPU
		{536FFA57-D71F-44C0-82A5-EEA7FB94DCC9}.Release|Any CPU.Build.0 = Release|Any CPU
	EndGlobalSection
	GlobalSection(SolutionProperties) = preSolution
		HideSolutionNode = FALSE
	EndGlobalSection
EndGlobal
